
Microsoft Visual Studio Solution File, Format Version 12.00
# Visual Studio Version 16
VisualStudioVersion = 16.0.31005.135
MinimumVisualStudioVersion = 10.0.40219.1
Project("{9A19103F-16F7-4668-BE54-9A1E7A4F7556}") = "Throttler", "Throttler\Throttler.csproj", "{F1999EF5-19EC-4672-A069-179D8113891A}"
EndProject
Project("{2150E333-8FDC-42A3-9474-1A3956D46DE8}") = "Solution Items", "Solution Items", "{4680BA40-800F-4CE7-A373-79BC5D0BFDB5}"
	ProjectSection(SolutionItems) = preProject
		..\.gitignore = ..\.gitignore
		..\LICENSE = ..\LICENSE
		..\README.md = ..\README.md
	EndProjectSection
EndProject
Project("{FAE04EC0-301F-11D3-BF4B-00C04F79EFBC}") = "Throttler.Tests", "Throttler.Tests\Throttler.Tests.csproj", "{CF40316D-0F80-43CD-A0B3-95772D016AE5}"
EndProject
Global
	GlobalSection(SolutionConfigurationPlatforms) = preSolution
		Debug|Any CPU = Debug|Any CPU
		Release|Any CPU = Release|Any CPU
	EndGlobalSection
	GlobalSection(ProjectConfigurationPlatforms) = postSolution
		{F1999EF5-19EC-4672-A069-179D8113891A}.Debug|Any CPU.ActiveCfg = Debug|Any CPU
		{F1999EF5-19EC-4672-A069-179D8113891A}.Debug|Any CPU.Build.0 = Debug|Any CPU
		{F1999EF5-19EC-4672-A069-179D8113891A}.Release|Any CPU.ActiveCfg = Release|Any CPU
		{F1999EF5-19EC-4672-A069-179D8113891A}.Release|Any CPU.Build.0 = Release|Any CPU
		{CF40316D-0F80-43CD-A0B3-95772D016AE5}.Debug|Any CPU.ActiveCfg = Debug|Any CPU
		{CF40316D-0F80-43CD-A0B3-95772D016AE5}.Debug|Any CPU.Build.0 = Debug|Any CPU
		{CF40316D-0F80-43CD-A0B3-95772D016AE5}.Release|Any CPU.ActiveCfg = Release|Any CPU
		{CF40316D-0F80-43CD-A0B3-95772D016AE5}.Release|Any CPU.Build.0 = Release|Any CPU
	EndGlobalSection
	GlobalSection(SolutionProperties) = preSolution
		HideSolutionNode = FALSE
	EndGlobalSection
	GlobalSection(ExtensibilityGlobals) = postSolution
		SolutionGuid = {FD18682F-77E7-4F0C-8D1B-EFA450E092C8}
	EndGlobalSection
EndGlobal
